
Microsoft Visual Studio Solution File, Format Version 12.00
Project("{FAE04EC0-301F-11D3-BF4B-00C04F79EFBC}") = "DataAccess", "DataAccess\DataAccess.csproj", "{32E0BFB4-6947-4EEF-9F08-896601374FF7}"
EndProject
Project("{FAE04EC0-301F-11D3-BF4B-00C04F79EFBC}") = "Broker", "Broker\Broker.csproj", "{DAE3D0AC-E504-465D-B35A-FB4FE0200043}"
EndProject
Project("{FAE04EC0-301F-11D3-BF4B-00C04F79EFBC}") = "Models", "Models\Models.csproj", "{AEC4E0F5-9871-4546-A186-3077D3EEF205}"
EndProject
Project("{FAE04EC0-301F-11D3-BF4B-00C04F79EFBC}") = "DataAccess.UnitTests", "DataAccess.UnitTests\DataAccess.UnitTests.csproj", "{AFA79E1D-8438-4425-A0CF-A32C0903718F}"
EndProject
Project("{2150E333-8FDC-42A3-9474-1A3956D46DE8}") = "src", "src", "{F315D866-78BD-47A8-A3CD-D11B9ADD0985}"
EndProject
Project("{2150E333-8FDC-42A3-9474-1A3956D46DE8}") = "tests", "tests", "{ED8DD52A-5413-44EA-B44C-BED115E8B5B1}"
EndProject
Global
	GlobalSection(SolutionConfigurationPlatforms) = preSolution
		Debug|Any CPU = Debug|Any CPU
		Release|Any CPU = Release|Any CPU
	EndGlobalSection
	GlobalSection(ProjectConfigurationPlatforms) = postSolution
		{32E0BFB4-6947-4EEF-9F08-896601374FF7}.Debug|Any CPU.ActiveCfg = Debug|Any CPU
		{32E0BFB4-6947-4EEF-9F08-896601374FF7}.Debug|Any CPU.Build.0 = Debug|Any CPU
		{32E0BFB4-6947-4EEF-9F08-896601374FF7}.Release|Any CPU.ActiveCfg = Release|Any CPU
		{32E0BFB4-6947-4EEF-9F08-896601374FF7}.Release|Any CPU.Build.0 = Release|Any CPU
		{DAE3D0AC-E504-465D-B35A-FB4FE0200043}.Debug|Any CPU.ActiveCfg = Debug|Any CPU
		{DAE3D0AC-E504-465D-B35A-FB4FE0200043}.Debug|Any CPU.Build.0 = Debug|Any CPU
		{DAE3D0AC-E504-465D-B35A-FB4FE0200043}.Release|Any CPU.ActiveCfg = Release|Any CPU
		{DAE3D0AC-E504-465D-B35A-FB4FE0200043}.Release|Any CPU.Build.0 = Release|Any CPU
		{AEC4E0F5-9871-4546-A186-3077D3EEF205}.Debug|Any CPU.ActiveCfg = Debug|Any CPU
		{AEC4E0F5-9871-4546-A186-3077D3EEF205}.Debug|Any CPU.Build.0 = Debug|Any CPU
		{AEC4E0F5-9871-4546-A186-3077D3EEF205}.Release|Any CPU.ActiveCfg = Release|Any CPU
		{AEC4E0F5-9871-4546-A186-3077D3EEF205}.Release|Any CPU.Build.0 = Release|Any CPU
		{AFA79E1D-8438-4425-A0CF-A32C0903718F}.Debug|Any CPU.ActiveCfg = Debug|Any CPU
		{AFA79E1D-8438-4425-A0CF-A32C0903718F}.Debug|Any CPU.Build.0 = Debug|Any CPU
		{AFA79E1D-8438-4425-A0CF-A32C0903718F}.Release|Any CPU.ActiveCfg = Release|Any CPU
		{AFA79E1D-8438-4425-A0CF-A32C0903718F}.Release|Any CPU.Build.0 = Release|Any CPU
	EndGlobalSection
	GlobalSection(NestedProjects) = preSolution
		{DAE3D0AC-E504-465D-B35A-FB4FE0200043} = {F315D866-78BD-47A8-A3CD-D11B9ADD0985}
		{32E0BFB4-6947-4EEF-9F08-896601374FF7} = {F315D866-78BD-47A8-A3CD-D11B9ADD0985}
		{AEC4E0F5-9871-4546-A186-3077D3EEF205} = {F315D866-78BD-47A8-A3CD-D11B9ADD0985}
		{AFA79E1D-8438-4425-A0CF-A32C0903718F} = {ED8DD52A-5413-44EA-B44C-BED115E8B5B1}
	EndGlobalSection
EndGlobal
